{
  "name": "rms",
  "version": "1.0.0",
  "lockfileVersion": 2,
  "requires": true,
  "packages": {
    "": {
      "name": "rms",
      "version": "1.0.0",
      "license": "MIT",
      "dependencies": {
        "froala-editor": "^4.0.14",
        "toastr": "^2.1.4"
      }
    },
    "node_modules/froala-editor": {
      "version": "4.0.14",
      "resolved": "https://registry.npmjs.org/froala-editor/-/froala-editor-4.0.14.tgz",
      "integrity": "sha512-TMOaFszxfwP+R6JBRyovumncZipAPFWBHO3cMEPu994kgchTlTG2/YF4P0MRBgOCvpL0WLDKUpFzqG4oZ+xr0A=="
    },
    "node_modules/jquery": {
      "version": "3.6.1",
      "resolved": "https://registry.npmjs.org/jquery/-/jquery-3.6.1.tgz",
      "integrity": "sha512-opJeO4nCucVnsjiXOE+/PcCgYw9Gwpvs/a6B1LL/lQhwWwpbVEVYDZ1FokFr8PRc7ghYlrFPuyHuiiDNTQxmcw=="
    },
    "node_modules/toastr": {
      "version": "2.1.4",
      "resolved": "https://registry.npmjs.org/toastr/-/toastr-2.1.4.tgz",
      "integrity": "sha512-LIy77F5n+sz4tefMmFOntcJ6HL0Fv3k1TDnNmFZ0bU/GcvIIfy6eG2v7zQmMiYgaalAiUv75ttFrPn5s0gyqlA==",
      "dependencies": {
        "jquery": ">=1.12.0"
      }
    }
  },
  "dependencies": {
    "froala-editor": {
      "version": "4.0.14",
      "resolved": "https://registry.npmjs.org/froala-editor/-/froala-editor-4.0.14.tgz",
      "integrity": "sha512-TMOaFszxfwP+R6JBRyovumncZipAPFWBHO3cMEPu994kgchTlTG2/YF4P0MRBgOCvpL0WLDKUpFzqG4oZ+xr0A=="
    },
    "jquery": {
      "version": "3.6.1",
      "resolved": "https://registry.npmjs.org/jquery/-/jquery-3.6.1.tgz",
      "integrity": "sha512-opJeO4nCucVnsjiXOE+/PcCgYw9Gwpvs/a6B1LL/lQhwWwpbVEVYDZ1FokFr8PRc7ghYlrFPuyHuiiDNTQxmcw=="
    },
    "toastr": {
      "version": "2.1.4",
      "resolved": "https://registry.npmjs.org/toastr/-/toastr-2.1.4.tgz",
      "integrity": "sha512-LIy77F5n+sz4tefMmFOntcJ6HL0Fv3k1TDnNmFZ0bU/GcvIIfy6eG2v7zQmMiYgaalAiUv75ttFrPn5s0gyqlA==",
      "requires": {
        "jquery": ">=1.12.0"
      }
    }
  }
}
